
Microsoft Visual Studio Solution File, Format Version 12.00
# Visual Studio 15
VisualStudioVersion = 15.0.28010.2050
MinimumVisualStudioVersion = 10.0.40219.1
Project("{8BC9CEB8-8B4A-11D0-8D11-00A0C91BC942}") = "asd6_1", "asd6_1\asd6_1.vcxproj", "{87737F95-0D48-4E51-8972-7158E548F525}"
EndProject
Global
	GlobalSection(SolutionConfigurationPlatforms) = preSolution
		Debug|x64 = Debug|x64
		Debug|x86 = Debug|x86
		Release|x64 = Release|x64
		Release|x86 = Release|x86
	EndGlobalSection
	GlobalSection(ProjectConfigurationPlatforms) = postSolution
		{87737F95-0D48-4E51-8972-7158E548F525}.Debug|x64.ActiveCfg = Debug|x64
		{87737F95-0D48-4E51-8972-7158E548F525}.Debug|x64.Build.0 = Debug|x64
		{87737F95-0D48-4E51-8972-7158E548F525}.Debug|x86.ActiveCfg = Debug|Win32
		{87737F95-0D48-4E51-8972-7158E548F525}.Debug|x86.Build.0 = Debug|Win32
		{87737F95-0D48-4E51-8972-7158E548F525}.Release|x64.ActiveCfg = Release|x64
		{87737F95-0D48-4E51-8972-7158E548F525}.Release|x64.Build.0 = Release|x64
		{87737F95-0D48-4E51-8972-7158E548F525}.Release|x86.ActiveCfg = Release|Win32
		{87737F95-0D48-4E51-8972-7158E548F525}.Release|x86.Build.0 = Release|Win32
	EndGlobalSection
	GlobalSection(SolutionProperties) = preSolution
		HideSolutionNode = FALSE
	EndGlobalSection
	GlobalSection(ExtensibilityGlobals) = postSolution
		SolutionGuid = {E7229F8D-7853-499F-9D68-A72DC0E8211E}
	EndGlobalSection
EndGlobal
