
Microsoft Visual Studio Solution File, Format Version 12.00
# Visual Studio 15
VisualStudioVersion = 15.0.28010.2050
MinimumVisualStudioVersion = 10.0.40219.1
Project("{8BC9CEB8-8B4A-11D0-8D11-00A0C91BC942}") = "MWP3_1F1 - Relacja", "MWP3_1F1 - Relacja\MWP3_1F1 - Relacja.vcxproj", "{A3D35239-8AE4-414C-B5F7-157E9BDBF742}"
EndProject
Global
	GlobalSection(SolutionConfigurationPlatforms) = preSolution
		Debug|x64 = Debug|x64
		Debug|x86 = Debug|x86
		Release|x64 = Release|x64
		Release|x86 = Release|x86
	EndGlobalSection
	GlobalSection(ProjectConfigurationPlatforms) = postSolution
		{A3D35239-8AE4-414C-B5F7-157E9BDBF742}.Debug|x64.ActiveCfg = Debug|x64
		{A3D35239-8AE4-414C-B5F7-157E9BDBF742}.Debug|x64.Build.0 = Debug|x64
		{A3D35239-8AE4-414C-B5F7-157E9BDBF742}.Debug|x86.ActiveCfg = Debug|Win32
		{A3D35239-8AE4-414C-B5F7-157E9BDBF742}.Debug|x86.Build.0 = Debug|Win32
		{A3D35239-8AE4-414C-B5F7-157E9BDBF742}.Release|x64.ActiveCfg = Release|x64
		{A3D35239-8AE4-414C-B5F7-157E9BDBF742}.Release|x64.Build.0 = Release|x64
		{A3D35239-8AE4-414C-B5F7-157E9BDBF742}.Release|x86.ActiveCfg = Release|Win32
		{A3D35239-8AE4-414C-B5F7-157E9BDBF742}.Release|x86.Build.0 = Release|Win32
	EndGlobalSection
	GlobalSection(SolutionProperties) = preSolution
		HideSolutionNode = FALSE
	EndGlobalSection
	GlobalSection(ExtensibilityGlobals) = postSolution
		SolutionGuid = {F05F068E-2BAE-4046-BF41-63867634D352}
	EndGlobalSection
EndGlobal
